// !$*UTF8*$!
{
	archiveVersion = 1;
	classes = {
	};
	objectVersion = 50;
	objects = {

/* Begin PBXBuildFile section */
		22A1D530ABD4863D22C9279F /* Pods_BitcoinAnalyze.framework in Frameworks */ = {isa = PBXBuildFile; fileRef = 3683E9880EEC0BBB79E4897A /* Pods_BitcoinAnalyze.framework */; };
		3A55BE6220DE3183000B5C14 /* MainMenuViewController.swift in Sources */ = {isa = PBXBuildFile; fileRef = 3A55BE6120DE3183000B5C14 /* MainMenuViewController.swift */; };
		3A6D1DBA20DBAFC900D0C04C /* AppDelegate.swift in Sources */ = {isa = PBXBuildFile; fileRef = 3A6D1DB920DBAFC900D0C04C /* AppDelegate.swift */; };
		3A6D1DBC20DBAFC900D0C04C /* ViewController.swift in Sources */ = {isa = PBXBuildFile; fileRef = 3A6D1DBB20DBAFC900D0C04C /* ViewController.swift */; };
		3A6D1DBF20DBAFC900D0C04C /* Main.storyboard in Resources */ = {isa = PBXBuildFile; fileRef = 3A6D1DBD20DBAFC900D0C04C /* Main.storyboard */; };
		3A6D1DC120DBAFCB00D0C04C /* Assets.xcassets in Resources */ = {isa = PBXBuildFile; fileRef = 3A6D1DC020DBAFCB00D0C04C /* Assets.xcassets */; };
		3A6D1DC420DBAFCB00D0C04C /* LaunchScreen.storyboard in Resources */ = {isa = PBXBuildFile; fileRef = 3A6D1DC220DBAFCB00D0C04C /* LaunchScreen.storyboard */; };
		3A6D1DCD20DBBBE800D0C04C /* bitcoin.png in Resources */ = {isa = PBXBuildFile; fileRef = 3A6D1DCC20DBBBE800D0C04C /* bitcoin.png */; };
/* End PBXBuildFile section */

/* Begin PBXFileReference section */
		3683E9880EEC0BBB79E4897A /* Pods_BitcoinAnalyze.framework */ = {isa = PBXFileReference; explicitFileType = wrapper.framework; includeInIndex = 0; path = Pods_BitcoinAnalyze.framework; sourceTree = BUILT_PRODUCTS_DIR; };
		3A55BE6120DE3183000B5C14 /* MainMenuViewController.swift */ = {isa = PBXFileReference; lastKnownFileType = sourcecode.swift; path = MainMenuViewController.swift; sourceTree = "<group>"; };
		3A6D1DB620DBAFC900D0C04C /* BitcoinAnalyze.app */ = {isa = PBXFileReference; explicitFileType = wrapper.application; includeInIndex = 0; path = BitcoinAnalyze.app; sourceTree = BUILT_PRODUCTS_DIR; };
		3A6D1DB920DBAFC900D0C04C /* AppDelegate.swift */ = {isa = PBXFileReference; lastKnownFileType = sourcecode.swift; path = AppDelegate.swift; sourceTree = "<group>"; };
		3A6D1DBB20DBAFC900D0C04C /* ViewController.swift */ = {isa = PBXFileReference; lastKnownFileType = sourcecode.swift; path = ViewController.swift; sourceTree = "<group>"; };
		3A6D1DBE20DBAFC900D0C04C /* Base */ = {isa = PBXFileReference; lastKnownFileType = file.storyboard; name = Base; path = Base.lproj/Main.storyboard; sourceTree = "<group>"; };
		3A6D1DC020DBAFCB00D0C04C /* Assets.xcassets */ = {isa = PBXFileReference; lastKnownFileType = folder.assetcatalog; path = Assets.xcassets; sourceTree = "<group>"; };
		3A6D1DC320DBAFCB00D0C04C /* Base */ = {isa = PBXFileReference; lastKnownFileType = file.storyboard; name = Base; path = Base.lproj/LaunchScreen.storyboard; sourceTree = "<group>"; };
		3A6D1DC520DBAFCB00D0C04C /* Info.plist */ = {isa = PBXFileReference; lastKnownFileType = text.plist.xml; path = Info.plist; sourceTree = "<group>"; };
		3A6D1DCC20DBBBE800D0C04C /* bitcoin.png */ = {isa = PBXFileReference; lastKnownFileType = image.png; path = bitcoin.png; sourceTree = "<group>"; };
		450E74BD06FF4DC45F42819B /* Pods-BitcoinAnalyze.debug.xcconfig */ = {isa = PBXFileReference; includeInIndex = 1; lastKnownFileType = text.xcconfig; name = "Pods-BitcoinAnalyze.debug.xcconfig"; path = "Pods/Target Support Files/Pods-BitcoinAnalyze/Pods-BitcoinAnalyze.debug.xcconfig"; sourceTree = "<group>"; };
		9CF1AED39B0D41C36763E270 /* Pods-BitcoinAnalyze.release.xcconfig */ = {isa = PBXFileReference; includeInIndex = 1; lastKnownFileType = text.xcconfig; name = "Pods-BitcoinAnalyze.release.xcconfig"; path = "Pods/Target Support Files/Pods-BitcoinAnalyze/Pods-BitcoinAnalyze.release.xcconfig"; sourceTree = "<group>"; };
/* End PBXFileReference section */

/* Begin PBXFrameworksBuildPhase section */
		3A6D1DB320DBAFC900D0C04C /* Frameworks */ = {
			isa = PBXFrameworksBuildPhase;
			buildActionMask = 2147483647;
			files = (
				22A1D530ABD4863D22C9279F /* Pods_BitcoinAnalyze.framework in Frameworks */,
			);
			runOnlyForDeploymentPostprocessing = 0;
		};
/* End PBXFrameworksBuildPhase section */

/* Begin PBXGroup section */
		3A6D1DAD20DBAFC900D0C04C = {
			isa = PBXGroup;
			children = (
				3A6D1DB820DBAFC900D0C04C /* BitcoinAnalyze */,
				3A6D1DB720DBAFC900D0C04C /* Products */,
				3A6D1DCB20DBBBC000D0C04C /* Assets */,
				8A9976BF4E12E80D248A1052 /* Pods */,
				BF0A9B72AC172069E8280BBF /* Frameworks */,
			);
			sourceTree = "<group>";
		};
		3A6D1DB720DBAFC900D0C04C /* Products */ = {
			isa = PBXGroup;
			children = (
				3A6D1DB620DBAFC900D0C04C /* BitcoinAnalyze.app */,
			);
			name = Products;
			sourceTree = "<group>";
		};
		3A6D1DB820DBAFC900D0C04C /* BitcoinAnalyze */ = {
			isa = PBXGroup;
			children = (
				3A6D1DB920DBAFC900D0C04C /* AppDelegate.swift */,
				3A6D1DBB20DBAFC900D0C04C /* ViewController.swift */,
				3A55BE6120DE3183000B5C14 /* MainMenuViewController.swift */,
				3A6D1DBD20DBAFC900D0C04C /* Main.storyboard */,
				3A6D1DC020DBAFCB00D0C04C /* Assets.xcassets */,
				3A6D1DC220DBAFCB00D0C04C /* LaunchScreen.storyboard */,
				3A6D1DC520DBAFCB00D0C04C /* Info.plist */,
			);
			path = BitcoinAnalyze;
			sourceTree = "<group>";
		};
		3A6D1DCB20DBBBC000D0C04C /* Assets */ = {
			isa = PBXGroup;
			children = (
				3A6D1DCC20DBBBE800D0C04C /* bitcoin.png */,
			);
			path = Assets;
			sourceTree = "<group>";
		};
		8A9976BF4E12E80D248A1052 /* Pods */ = {
			isa = PBXGroup;
			children = (
				450E74BD06FF4DC45F42819B /* Pods-BitcoinAnalyze.debug.xcconfig */,
				9CF1AED39B0D41C36763E270 /* Pods-BitcoinAnalyze.release.xcconfig */,
			);
			name = Pods;
			sourceTree = "<group>";
		};
		BF0A9B72AC172069E8280BBF /* Frameworks */ = {
			isa = PBXGroup;
			children = (
				3683E9880EEC0BBB79E4897A /* Pods_BitcoinAnalyze.framework */,
			);
			name = Frameworks;
			sourceTree = "<group>";
		};
/* End PBXGroup section */

/* Begin PBXNativeTarget section */
		3A6D1DB520DBAFC900D0C04C /* BitcoinAnalyze */ = {
			isa = PBXNativeTarget;
			buildConfigurationList = 3A6D1DC820DBAFCB00D0C04C /* Build configuration list for PBXNativeTarget "BitcoinAnalyze" */;
			buildPhases = (
				FB27786E2B21E4F6C53CB7C2 /* [CP] Check Pods Manifest.lock */,
				3A6D1DB220DBAFC900D0C04C /* Sources */,
				3A6D1DB320DBAFC900D0C04C /* Frameworks */,
				3A6D1DB420DBAFC900D0C04C /* Resources */,
				19D33EBADFC0B8BB782E1DD6 /* [CP] Embed Pods Frameworks */,
			);
			buildRules = (
			);
			dependencies = (
			);
			name = BitcoinAnalyze;
			productName = BitcoinAnalyze;
			productReference = 3A6D1DB620DBAFC900D0C04C /* BitcoinAnalyze.app */;
			productType = "com.apple.product-type.application";
		};
/* End PBXNativeTarget section */

/* Begin PBXProject section */
		3A6D1DAE20DBAFC900D0C04C /* Project object */ = {
			isa = PBXProject;
			attributes = {
				LastSwiftUpdateCheck = 0940;
				LastUpgradeCheck = 0940;
				ORGANIZATIONNAME = "Phi Hoang Huy";
				TargetAttributes = {
					3A6D1DB520DBAFC900D0C04C = {
						CreatedOnToolsVersion = 9.4.1;
					};
				};
			};
			buildConfigurationList = 3A6D1DB120DBAFC900D0C04C /* Build configuration list for PBXProject "BitcoinAnalyze" */;
			compatibilityVersion = "Xcode 9.3";
			developmentRegion = en;
			hasScannedForEncodings = 0;
			knownRegions = (
				en,
				Base,
			);
			mainGroup = 3A6D1DAD20DBAFC900D0C04C;
			productRefGroup = 3A6D1DB720DBAFC900D0C04C /* Products */;
			projectDirPath = "";
			projectRoot = "";
			targets = (
				3A6D1DB520DBAFC900D0C04C /* BitcoinAnalyze */,
			);
		};
/* End PBXProject section */

/* Begin PBXResourcesBuildPhase section */
		3A6D1DB420DBAFC900D0C04C /* Resources */ = {
			isa = PBXResourcesBuildPhase;
			buildActionMask = 2147483647;
			files = (
				3A6D1DC420DBAFCB00D0C04C /* LaunchScreen.storyboard in Resources */,
				3A6D1DC120DBAFCB00D0C04C /* Assets.xcassets in Resources */,
				3A6D1DCD20DBBBE800D0C04C /* bitcoin.png in Resources */,
				3A6D1DBF20DBAFC900D0C04C /* Main.storyboard in Resources */,
			);
			runOnlyForDeploymentPostprocessing = 0;
		};
/* End PBXResourcesBuildPhase section */

/* Begin PBXShellScriptBuildPhase section */
		19D33EBADFC0B8BB782E1DD6 /* [CP] Embed Pods Frameworks */ = {
			isa = PBXShellScriptBuildPhase;
			buildActionMask = 2147483647;
			files = (
			);
			inputPaths = (
				"${SRCROOT}/Pods/Target Support Files/Pods-BitcoinAnalyze/Pods-BitcoinAnalyze-frameworks.sh",
				"${BUILT_PRODUCTS_DIR}/Alamofire/Alamofire.framework",
				"${BUILT_PRODUCTS_DIR}/SwiftyJSON/SwiftyJSON.framework",
			);
			name = "[CP] Embed Pods Frameworks";
			outputPaths = (
				"${TARGET_BUILD_DIR}/${FRAMEWORKS_FOLDER_PATH}/Alamofire.framework",
				"${TARGET_BUILD_DIR}/${FRAMEWORKS_FOLDER_PATH}/SwiftyJSON.framework",
			);
			runOnlyForDeploymentPostprocessing = 0;
			shellPath = /bin/sh;
			shellScript = "\"${SRCROOT}/Pods/Target Support Files/Pods-BitcoinAnalyze/Pods-BitcoinAnalyze-frameworks.sh\"\n";
			showEnvVarsInLog = 0;
		};
		FB27786E2B21E4F6C53CB7C2 /* [CP] Check Pods Manifest.lock */ = {
			isa = PBXShellScriptBuildPhase;
			buildActionMask = 2147483647;
			files = (
			);
			inputPaths = (
				"${PODS_PODFILE_DIR_PATH}/Podfile.lock",
				"${PODS_ROOT}/Manifest.lock",
			);
			name = "[CP] Check Pods Manifest.lock";
			outputPaths = (
				"$(DERIVED_FILE_DIR)/Pods-BitcoinAnalyze-checkManifestLockResult.txt",
			);
			runOnlyForDeploymentPostprocessing = 0;
			shellPath = /bin/sh;
			shellScript = "diff \"${PODS_PODFILE_DIR_PATH}/Podfile.lock\" \"${PODS_ROOT}/Manifest.lock\" > /dev/null\nif [ $? != 0 ] ; then\n    # print error to STDERR\n    echo \"error: The sandbox is not in sync with the Podfile.lock. Run 'pod install' or update your CocoaPods installation.\" >&2\n    exit 1\nfi\n# This output is used by Xcode 'outputs' to avoid re-running this script phase.\necho \"SUCCESS\" > \"${SCRIPT_OUTPUT_FILE_0}\"\n";
			showEnvVarsInLog = 0;
		};
/* End PBXShellScriptBuildPhase section */

/* Begin PBXSourcesBuildPhase section */
		3A6D1DB220DBAFC900D0C04C /* Sources */ = {
			isa = PBXSourcesBuildPhase;
			buildActionMask = 2147483647;
			files = (
				3A55BE6220DE3183000B5C14 /* MainMenuViewController.swift in Sources */,
				3A6D1DBC20DBAFC900D0C04C /* ViewController.swift in Sources */,
				3A6D1DBA20DBAFC900D0C04C /* AppDelegate.swift in Sources */,
			);
			runOnlyForDeploymentPostprocessing = 0;
		};
/* End PBXSourcesBuildPhase section */

/* Begin PBXVariantGroup section */
		3A6D1DBD20DBAFC900D0C04C /* Main.storyboard */ = {
			isa = PBXVariantGroup;
			children = (
				3A6D1DBE20DBAFC900D0C04C /* Base */,
			);
			name = Main.storyboard;
			sourceTree = "<group>";
		};
		3A6D1DC220DBAFCB00D0C04C /* LaunchScreen.storyboard */ = {
			isa = PBXVariantGroup;
			children = (
				3A6D1DC320DBAFCB00D0C04C /* Base */,
			);
			name = LaunchScreen.storyboard;
			sourceTree = "<group>";
		};
/* End PBXVariantGroup section */

/* Begin XCBuildConfiguration section */
		3A6D1DC620DBAFCB00D0C04C /* Debug */ = {
			isa = XCBuildConfiguration;
			buildSettings = {
				ALWAYS_SEARCH_USER_PATHS = NO;
				CLANG_ANALYZER_NONNULL = YES;
				CLANG_ANALYZER_NUMBER_OBJECT_CONVERSION = YES_AGGRESSIVE;
				CLANG_CXX_LANGUAGE_STANDARD = "gnu++14";
				CLANG_CXX_LIBRARY = "libc++";
				CLANG_ENABLE_MODULES = YES;
				CLANG_ENABLE_OBJC_ARC = YES;
				CLANG_ENABLE_OBJC_WEAK = YES;
				CLANG_WARN_BLOCK_CAPTURE_AUTORELEASING = YES;
				CLANG_WARN_BOOL_CONVERSION = YES;
				CLANG_WARN_COMMA = YES;
				CLANG_WARN_CONSTANT_CONVERSION = YES;
				CLANG_WARN_DEPRECATED_OBJC_IMPLEMENTATIONS = YES;
				CLANG_WARN_DIRECT_OBJC_ISA_USAGE = YES_ERROR;
				CLANG_WARN_DOCUMENTATION_COMMENTS = YES;
				CLANG_WARN_EMPTY_BODY = YES;
				CLANG_WARN_ENUM_CONVERSION = YES;
				CLANG_WARN_INFINITE_RECURSION = YES;
				CLANG_WARN_INT_CONVERSION = YES;
				CLANG_WARN_NON_LITERAL_NULL_CONVERSION = YES;
				CLANG_WARN_OBJC_IMPLICIT_RETAIN_SELF = YES;
				CLANG_WARN_OBJC_LITERAL_CONVERSION = YES;
				CLANG_WARN_OBJC_ROOT_CLASS = YES_ERROR;
				CLANG_WARN_RANGE_LOOP_ANALYSIS = YES;
				CLANG_WARN_STRICT_PROTOTYPES = YES;
				CLANG_WARN_SUSPICIOUS_MOVE = YES;
				CLANG_WARN_UNGUARDED_AVAILABILITY = YES_AGGRESSIVE;
				CLANG_WARN_UNREACHABLE_CODE = YES;
				CLANG_WARN__DUPLICATE_METHOD_MATCH = YES;
				CODE_SIGN_IDENTITY = "iPhone Developer";
				COPY_PHASE_STRIP = NO;
				DEBUG_INFORMATION_FORMAT = dwarf;
				ENABLE_STRICT_OBJC_MSGSEND = YES;
				ENABLE_TESTABILITY = YES;
				GCC_C_LANGUAGE_STANDARD = gnu11;
				GCC_DYNAMIC_NO_PIC = NO;
				GCC_NO_COMMON_BLOCKS = YES;
				GCC_OPTIMIZATION_LEVEL = 0;
				GCC_PREPROCESSOR_DEFINITIONS = (
					"DEBUG=1",
					"$(inherited)",
				);
				GCC_WARN_64_TO_32_BIT_CONVERSION = YES;
				GCC_WARN_ABOUT_RETURN_TYPE = YES_ERROR;
				GCC_WARN_UNDECLARED_SELECTOR = YES;
				GCC_WARN_UNINITIALIZED_AUTOS = YES_AGGRESSIVE;
				GCC_WARN_UNUSED_FUNCTION = YES;
				GCC_WARN_UNUSED_VARIABLE = YES;
				IPHONEOS_DEPLOYMENT_TARGET = 11.4;
				MTL_ENABLE_DEBUG_INFO = YES;
				ONLY_ACTIVE_ARCH = YES;
				SDKROOT = iphoneos;
				SWIFT_ACTIVE_COMPILATION_CONDITIONS = DEBUG;
				SWIFT_OPTIMIZATION_LEVEL = "-Onone";
			};
			name = Debug;
		};
		3A6D1DC720DBAFCB00D0C04C /* Release */ = {
			isa = XCBuildConfiguration;
			buildSettings = {
				ALWAYS_SEARCH_USER_PATHS = NO;
				CLANG_ANALYZER_NONNULL = YES;
				CLANG_ANALYZER_NUMBER_OBJECT_CONVERSION = YES_AGGRESSIVE;
				CLANG_CXX_LANGUAGE_STANDARD = "gnu++14";
				CLANG_CXX_LIBRARY = "libc++";
				CLANG_ENABLE_MODULES = YES;
				CLANG_ENABLE_OBJC_ARC = YES;
				CLANG_ENABLE_OBJC_WEAK = YES;
				CLANG_WARN_BLOCK_CAPTURE_AUTORELEASING = YES;
				CLANG_WARN_BOOL_CONVERSION = YES;
				CLANG_WARN_COMMA = YES;
				CLANG_WARN_CONSTANT_CONVERSION = YES;
				CLANG_WARN_DEPRECATED_OBJC_IMPLEMENTATIONS = YES;
				CLANG_WARN_DIRECT_OBJC_ISA_USAGE = YES_ERROR;
				CLANG_WARN_DOCUMENTATION_COMMENTS = YES;
				CLANG_WARN_EMPTY_BODY = YES;
				CLANG_WARN_ENUM_CONVERSION = YES;
				CLANG_WARN_INFINITE_RECURSION = YES;
				CLANG_WARN_INT_CONVERSION = YES;
				CLANG_WARN_NON_LITERAL_NULL_CONVERSION = YES;
				CLANG_WARN_OBJC_IMPLICIT_RETAIN_SELF = YES;
				CLANG_WARN_OBJC_LITERAL_CONVERSION = YES;
				CLANG_WARN_OBJC_ROOT_CLASS = YES_ERROR;
				CLANG_WARN_RANGE_LOOP_ANALYSIS = YES;
				CLANG_WARN_STRICT_PROTOTYPES = YES;
				CLANG_WARN_SUSPICIOUS_MOVE = YES;
				CLANG_WARN_UNGUARDED_AVAILABILITY = YES_AGGRESSIVE;
				CLANG_WARN_UNREACHABLE_CODE = YES;
				CLANG_WARN__DUPLICATE_METHOD_MATCH = YES;
				CODE_SIGN_IDENTITY = "iPhone Developer";
				COPY_PHASE_STRIP = NO;
				DEBUG_INFORMATION_FORMAT = "dwarf-with-dsym";
				ENABLE_NS_ASSERTIONS = NO;
				ENABLE_STRICT_OBJC_MSGSEND = YES;
				GCC_C_LANGUAGE_STANDARD = gnu11;
				GCC_NO_COMMON_BLOCKS = YES;
				GCC_WARN_64_TO_32_BIT_CONVERSION = YES;
				GCC_WARN_ABOUT_RETURN_TYPE = YES_ERROR;
				GCC_WARN_UNDECLARED_SELECTOR = YES;
				GCC_WARN_UNINITIALIZED_AUTOS = YES_AGGRESSIVE;
				GCC_WARN_UNUSED_FUNCTION = YES;
				GCC_WARN_UNUSED_VARIABLE = YES;
				IPHONEOS_DEPLOYMENT_TARGET = 11.4;
				MTL_ENABLE_DEBUG_INFO = NO;
				SDKROOT = iphoneos;
				SWIFT_COMPILATION_MODE = wholemodule;
				SWIFT_OPTIMIZATION_LEVEL = "-O";
				VALIDATE_PRODUCT = YES;
			};
			name = Release;
		};
		3A6D1DC920DBAFCB00D0C04C /* Debug */ = {
			isa = XCBuildConfiguration;
			baseConfigurationReference = 450E74BD06FF4DC45F42819B /* Pods-BitcoinAnalyze.debug.xcconfig */;
			buildSettings = {
				ASSETCATALOG_COMPILER_APPICON_NAME = AppIcon;
				CODE_SIGN_STYLE = Automatic;
				DEVELOPMENT_TEAM = CM3X78U468;
				INFOPLIST_FILE = BitcoinAnalyze/Info.plist;
				LD_RUNPATH_SEARCH_PATHS = (
					"$(inherited)",
					"@executable_path/Frameworks",
				);
				PRODUCT_BUNDLE_IDENTIFIER = HoangHuyPhi.BitcoinAnalyze;
				PRODUCT_NAME = "$(TARGET_NAME)";
				SWIFT_VERSION = 4.0;
				TARGETED_DEVICE_FAMILY = "1,2";
			};
			name = Debug;
		};
		3A6D1DCA20DBAFCB00D0C04C /* Release */ = {
			isa = XCBuildConfiguration;
			baseConfigurationReference = 9CF1AED39B0D41C36763E270 /* Pods-BitcoinAnalyze.release.xcconfig */;
			buildSettings = {
				ASSETCATALOG_COMPILER_APPICON_NAME = AppIcon;
				CODE_SIGN_STYLE = Automatic;
				DEVELOPMENT_TEAM = CM3X78U468;
				INFOPLIST_FILE = BitcoinAnalyze/Info.plist;
				LD_RUNPATH_SEARCH_PATHS = (
					"$(inherited)",
					"@executable_path/Frameworks",
				);
				PRODUCT_BUNDLE_IDENTIFIER = HoangHuyPhi.BitcoinAnalyze;
				PRODUCT_NAME = "$(TARGET_NAME)";
				SWIFT_VERSION = 4.0;
				TARGETED_DEVICE_FAMILY = "1,2";
			};
			name = Release;
		};
/* End XCBuildConfiguration section */

/* Begin XCConfigurationList section */
		3A6D1DB120DBAFC900D0C04C /* Build configuration list for PBXProject "BitcoinAnalyze" */ = {
			isa = XCConfigurationList;
			buildConfigurations = (
				3A6D1DC620DBAFCB00D0C04C /* Debug */,
				3A6D1DC720DBAFCB00D0C04C /* Release */,
			);
			defaultConfigurationIsVisible = 0;
			defaultConfigurationName = Release;
		};
		3A6D1DC820DBAFCB00D0C04C /* Build configuration list for PBXNativeTarget "BitcoinAnalyze" */ = {
			isa = XCConfigurationList;
			buildConfigurations = (
				3A6D1DC920DBAFCB00D0C04C /* Debug */,
				3A6D1DCA20DBAFCB00D0C04C /* Release */,
			);
			defaultConfigurationIsVisible = 0;
			defaultConfigurationName = Release;
		};
/* End XCConfigurationList section */
	};
	rootObject = 3A6D1DAE20DBAFC900D0C04C /* Project object */;
}
